PODS:
  - OMGHTTPURLRQ/UserAgent (3.1.2)
  - TDOAuth (1.1.2):
    - OMGHTTPURLRQ/UserAgent
  - YelpAPI (1.0.2):
    - TDOAuth (~> 1.1)

DEPENDENCIES:
  - YelpAPI

SPEC CHECKSUMS:
  OMGHTTPURLRQ: 38316b56d88125c600bcdb16df8329147da2b0ee
  TDOAuth: f7e356e834295b83c7b5066ee72a30f128c5f722
  YelpAPI: 737ce58ba1403757aee96bc34a87ddca745e4cb4

PODFILE CHECKSUM: 6caf9c2d4f251b6405b4d42a1509dfc64a16cd2e

COCOAPODS: 1.0.0
