// !$*UTF8*$!
{
	archiveVersion = 1;
	classes = {
	};
	objectVersion = 46;
	objects = {

/* Begin PBXBuildFile section */
		0D49DE10016ABBFAB5615602 /* Pods_burritoMe.framework in Frameworks */ = {isa = PBXBuildFile; fileRef = DD82C11090F96032D5D69BF0 /* Pods_burritoMe.framework */; };
		A3EB2B6302F476D48B19BB08 /* Pods_burritoMeTests.framework in Frameworks */ = {isa = PBXBuildFile; fileRef = E18F1A75BC5644E642042941 /* Pods_burritoMeTests.framework */; };
		E529468F1CF12A560084D0CD /* AppDelegate.swift in Sources */ = {isa = PBXBuildFile; fileRef = E529468E1CF12A560084D0CD /* AppDelegate.swift */; };
		E52946911CF12A560084D0CD /* LaunchViewController.swift in Sources */ = {isa = PBXBuildFile; fileRef = E52946901CF12A560084D0CD /* LaunchViewController.swift */; };
		E52946941CF12A560084D0CD /* Main.storyboard in Resources */ = {isa = PBXBuildFile; fileRef = E52946921CF12A560084D0CD /* Main.storyboard */; };
		E52946961CF12A560084D0CD /* Assets.xcassets in Resources */ = {isa = PBXBuildFile; fileRef = E52946951CF12A560084D0CD /* Assets.xcassets */; };
		E52946991CF12A560084D0CD /* LaunchScreen.storyboard in Resources */ = {isa = PBXBuildFile; fileRef = E52946971CF12A560084D0CD /* LaunchScreen.storyboard */; };
		E52946A41CF12A560084D0CD /* burritoMeTests.swift in Sources */ = {isa = PBXBuildFile; fileRef = E52946A31CF12A560084D0CD /* burritoMeTests.swift */; };
		E52946B11CF141140084D0CD /* BurritoTableViewCell.swift in Sources */ = {isa = PBXBuildFile; fileRef = E52946B01CF141140084D0CD /* BurritoTableViewCell.swift */; };
		E52946B31CF143320084D0CD /* Burrito.swift in Sources */ = {isa = PBXBuildFile; fileRef = E52946B21CF143320084D0CD /* Burrito.swift */; };
		E5AE4E651CF15A7E007AF7F0 /* BurritoTableViewController.swift in Sources */ = {isa = PBXBuildFile; fileRef = E5AE4E641CF15A7E007AF7F0 /* BurritoTableViewController.swift */; };
		E5BD70911CF19BC4001A312C /* YelpAPIClient.swift in Sources */ = {isa = PBXBuildFile; fileRef = E5BD70901CF19BC4001A312C /* YelpAPIClient.swift */; };
/* End PBXBuildFile section */

/* Begin PBXContainerItemProxy section */
		E52946A01CF12A560084D0CD /* PBXContainerItemProxy */ = {
			isa = PBXContainerItemProxy;
			containerPortal = E52946831CF12A560084D0CD /* Project object */;
			proxyType = 1;
			remoteGlobalIDString = E529468A1CF12A560084D0CD;
			remoteInfo = burritoMe;
		};
		E5BD709B1CF19C27001A312C /* PBXContainerItemProxy */ = {
			isa = PBXContainerItemProxy;
			containerPortal = E5BD70761CF19B68001A312C /* OAuthSwift.xcodeproj */;
			proxyType = 2;
			remoteGlobalIDString = F435027A1A6791B200038A29;
			remoteInfo = OAuthSwift;
		};
		E5BD709D1CF19C27001A312C /* PBXContainerItemProxy */ = {
			isa = PBXContainerItemProxy;
			containerPortal = E5BD70761CF19B68001A312C /* OAuthSwift.xcodeproj */;
			proxyType = 2;
			remoteGlobalIDString = F451E3C5195B8CD80051434C;
			remoteInfo = OAuthSwiftDemo;
		};
		E5BD709F1CF19C27001A312C /* PBXContainerItemProxy */ = {
			isa = PBXContainerItemProxy;
			containerPortal = E5BD70761CF19B68001A312C /* OAuthSwift.xcodeproj */;
			proxyType = 2;
			remoteGlobalIDString = C48B28021AFA598D00C7DEF6;
			remoteInfo = OAuthSwiftOSX;
		};
		E5BD70A11CF19C27001A312C /* PBXContainerItemProxy */ = {
			isa = PBXContainerItemProxy;
			containerPortal = E5BD70761CF19B68001A312C /* OAuthSwift.xcodeproj */;
			proxyType = 2;
			remoteGlobalIDString = C49FD5241AFB5DF500791E1A;
			remoteInfo = OAuthSwiftOSXDemo;
		};
		E5BD70A31CF19C27001A312C /* PBXContainerItemProxy */ = {
			isa = PBXContainerItemProxy;
			containerPortal = E5BD70761CF19B68001A312C /* OAuthSwift.xcodeproj */;
			proxyType = 2;
			remoteGlobalIDString = C4B6EE1E1BF74CE300443596;
			remoteInfo = OAuthSwiftTVOS;
		};
		E5BD70A51CF19C27001A312C /* PBXContainerItemProxy */ = {
			isa = PBXContainerItemProxy;
			containerPortal = E5BD70761CF19B68001A312C /* OAuthSwift.xcodeproj */;
			proxyType = 2;
			remoteGlobalIDString = C40890C01C11B37000E3146A;
			remoteInfo = OAuthSwiftWatchOS;
		};
		E5BD70A71CF19C27001A312C /* PBXContainerItemProxy */ = {
			isa = PBXContainerItemProxy;
			containerPortal = E5BD70761CF19B68001A312C /* OAuthSwift.xcodeproj */;
			proxyType = 2;
			remoteGlobalIDString = C4D50DF71BFB693F0053B624;
			remoteInfo = OAuthSwiftTests;
		};
		E5BD70A91CF19CC1001A312C /* PBXContainerItemProxy */ = {
			isa = PBXContainerItemProxy;
			containerPortal = E5BD70761CF19B68001A312C /* OAuthSwift.xcodeproj */;
			proxyType = 1;
			remoteGlobalIDString = F43502791A6791B200038A29;
			remoteInfo = OAuthSwift;
		};
/* End PBXContainerItemProxy section */

/* Begin PBXFileReference section */
		059600A6DCF07D5DD6A894DC /* Pods-burritoMe.debug.xcconfig */ = {isa = PBXFileReference; includeInIndex = 1; lastKnownFileType = text.xcconfig; name = "Pods-burritoMe.debug.xcconfig"; path = "Pods/Target Support Files/Pods-burritoMe/Pods-burritoMe.debug.xcconfig"; sourceTree = "<group>"; };
		338C92FCD91485E07F88D4EE /* Pods-burritoMe.release.xcconfig */ = {isa = PBXFileReference; includeInIndex = 1; lastKnownFileType = text.xcconfig; name = "Pods-burritoMe.release.xcconfig"; path = "Pods/Target Support Files/Pods-burritoMe/Pods-burritoMe.release.xcconfig"; sourceTree = "<group>"; };
		559083FD3A30B25EAFBEF553 /* Pods-burritoMeTests.release.xcconfig */ = {isa = PBXFileReference; includeInIndex = 1; lastKnownFileType = text.xcconfig; name = "Pods-burritoMeTests.release.xcconfig"; path = "Pods/Target Support Files/Pods-burritoMeTests/Pods-burritoMeTests.release.xcconfig"; sourceTree = "<group>"; };
		ABC9F33C36701189E43F8E3E /* Pods-burritoMeTests.debug.xcconfig */ = {isa = PBXFileReference; includeInIndex = 1; lastKnownFileType = text.xcconfig; name = "Pods-burritoMeTests.debug.xcconfig"; path = "Pods/Target Support Files/Pods-burritoMeTests/Pods-burritoMeTests.debug.xcconfig"; sourceTree = "<group>"; };
		DD82C11090F96032D5D69BF0 /* Pods_burritoMe.framework */ = {isa = PBXFileReference; explicitFileType = wrapper.framework; includeInIndex = 0; path = Pods_burritoMe.framework; sourceTree = BUILT_PRODUCTS_DIR; };
		E18F1A75BC5644E642042941 /* Pods_burritoMeTests.framework */ = {isa = PBXFileReference; explicitFileType = wrapper.framework; includeInIndex = 0; path = Pods_burritoMeTests.framework; sourceTree = BUILT_PRODUCTS_DIR; };
		E529468B1CF12A560084D0CD /* burritoMe.app */ = {isa = PBXFileReference; explicitFileType = wrapper.application; includeInIndex = 0; path = burritoMe.app; sourceTree = BUILT_PRODUCTS_DIR; };
		E529468E1CF12A560084D0CD /* AppDelegate.swift */ = {isa = PBXFileReference; lastKnownFileType = sourcecode.swift; path = AppDelegate.swift; sourceTree = "<group>"; };
		E52946901CF12A560084D0CD /* LaunchViewController.swift */ = {isa = PBXFileReference; lastKnownFileType = sourcecode.swift; path = LaunchViewController.swift; sourceTree = "<group>"; };
		E52946931CF12A560084D0CD /* Base */ = {isa = PBXFileReference; lastKnownFileType = file.storyboard; name = Base; path = Base.lproj/Main.storyboard; sourceTree = "<group>"; };
		E52946951CF12A560084D0CD /* Assets.xcassets */ = {isa = PBXFileReference; lastKnownFileType = folder.assetcatalog; path = Assets.xcassets; sourceTree = "<group>"; };
		E52946981CF12A560084D0CD /* Base */ = {isa = PBXFileReference; lastKnownFileType = file.storyboard; name = Base; path = Base.lproj/LaunchScreen.storyboard; sourceTree = "<group>"; };
		E529469A1CF12A560084D0CD /* Info.plist */ = {isa = PBXFileReference; lastKnownFileType = text.plist.xml; path = Info.plist; sourceTree = "<group>"; };
		E529469F1CF12A560084D0CD /* burritoMeTests.xctest */ = {isa = PBXFileReference; explicitFileType = wrapper.cfbundle; includeInIndex = 0; path = burritoMeTests.xctest; sourceTree = BUILT_PRODUCTS_DIR; };
		E52946A31CF12A560084D0CD /* burritoMeTests.swift */ = {isa = PBXFileReference; lastKnownFileType = sourcecode.swift; path = burritoMeTests.swift; sourceTree = "<group>"; };
		E52946A51CF12A560084D0CD /* Info.plist */ = {isa = PBXFileReference; lastKnownFileType = text.plist.xml; path = Info.plist; sourceTree = "<group>"; };
		E52946B01CF141140084D0CD /* BurritoTableViewCell.swift */ = {isa = PBXFileReference; fileEncoding = 4; lastKnownFileType = sourcecode.swift; path = BurritoTableViewCell.swift; sourceTree = "<group>"; };
		E52946B21CF143320084D0CD /* Burrito.swift */ = {isa = PBXFileReference; fileEncoding = 4; lastKnownFileType = sourcecode.swift; path = Burrito.swift; sourceTree = "<group>"; };
		E5AE4E641CF15A7E007AF7F0 /* BurritoTableViewController.swift */ = {isa = PBXFileReference; fileEncoding = 4; lastKnownFileType = sourcecode.swift; path = BurritoTableViewController.swift; sourceTree = "<group>"; };
		E5BD70761CF19B68001A312C /* OAuthSwift.xcodeproj */ = {isa = PBXFileReference; lastKnownFileType = "wrapper.pb-project"; name = OAuthSwift.xcodeproj; path = "../../../../Downloads/OAuthSwift-master/OAuthSwift.xcodeproj"; sourceTree = "<group>"; };
		E5BD70901CF19BC4001A312C /* YelpAPIClient.swift */ = {isa = PBXFileReference; fileEncoding = 4; lastKnownFileType = sourcecode.swift; path = YelpAPIClient.swift; sourceTree = "<group>"; };
/* End PBXFileReference section */

/* Begin PBXFrameworksBuildPhase section */
		E52946881CF12A560084D0CD /* Frameworks */ = {
			isa = PBXFrameworksBuildPhase;
			buildActionMask = 2147483647;
			files = (
				0D49DE10016ABBFAB5615602 /* Pods_burritoMe.framework in Frameworks */,
			);
			runOnlyForDeploymentPostprocessing = 0;
		};
		E529469C1CF12A560084D0CD /* Frameworks */ = {
			isa = PBXFrameworksBuildPhase;
			buildActionMask = 2147483647;
			files = (
				A3EB2B6302F476D48B19BB08 /* Pods_burritoMeTests.framework in Frameworks */,
			);
			runOnlyForDeploymentPostprocessing = 0;
		};
/* End PBXFrameworksBuildPhase section */

/* Begin PBXGroup section */
		0CC3B6C3CAFB03DD6F2E7A38 /* Pods */ = {
			isa = PBXGroup;
			children = (
				059600A6DCF07D5DD6A894DC /* Pods-burritoMe.debug.xcconfig */,
				338C92FCD91485E07F88D4EE /* Pods-burritoMe.release.xcconfig */,
				ABC9F33C36701189E43F8E3E /* Pods-burritoMeTests.debug.xcconfig */,
				559083FD3A30B25EAFBEF553 /* Pods-burritoMeTests.release.xcconfig */,
			);
			name = Pods;
			sourceTree = "<group>";
		};
		9C83D38BF1C415DCB40A9394 /* Frameworks */ = {
			isa = PBXGroup;
			children = (
				DD82C11090F96032D5D69BF0 /* Pods_burritoMe.framework */,
				E18F1A75BC5644E642042941 /* Pods_burritoMeTests.framework */,
			);
			name = Frameworks;
			sourceTree = "<group>";
		};
		E52946821CF12A560084D0CD = {
			isa = PBXGroup;
			children = (
				E529468D1CF12A560084D0CD /* burritoMe */,
				E52946A21CF12A560084D0CD /* burritoMeTests */,
				E529468C1CF12A560084D0CD /* Products */,
				0CC3B6C3CAFB03DD6F2E7A38 /* Pods */,
				9C83D38BF1C415DCB40A9394 /* Frameworks */,
			);
			sourceTree = "<group>";
		};
		E529468C1CF12A560084D0CD /* Products */ = {
			isa = PBXGroup;
			children = (
				E529468B1CF12A560084D0CD /* burritoMe.app */,
				E529469F1CF12A560084D0CD /* burritoMeTests.xctest */,
			);
			name = Products;
			sourceTree = "<group>";
		};
		E529468D1CF12A560084D0CD /* burritoMe */ = {
			isa = PBXGroup;
			children = (
				E5BD70761CF19B68001A312C /* OAuthSwift.xcodeproj */,
				E52946B01CF141140084D0CD /* BurritoTableViewCell.swift */,
				E5AE4E641CF15A7E007AF7F0 /* BurritoTableViewController.swift */,
				E52946B21CF143320084D0CD /* Burrito.swift */,
				E529468E1CF12A560084D0CD /* AppDelegate.swift */,
				E52946901CF12A560084D0CD /* LaunchViewController.swift */,
				E52946921CF12A560084D0CD /* Main.storyboard */,
				E52946951CF12A560084D0CD /* Assets.xcassets */,
				E52946971CF12A560084D0CD /* LaunchScreen.storyboard */,
				E529469A1CF12A560084D0CD /* Info.plist */,
				E5BD70901CF19BC4001A312C /* YelpAPIClient.swift */,
			);
			path = burritoMe;
			sourceTree = "<group>";
		};
		E52946A21CF12A560084D0CD /* burritoMeTests */ = {
			isa = PBXGroup;
			children = (
				E52946A31CF12A560084D0CD /* burritoMeTests.swift */,
				E52946A51CF12A560084D0CD /* Info.plist */,
			);
			path = burritoMeTests;
			sourceTree = "<group>";
		};
		E5BD70921CF19C27001A312C /* Products */ = {
			isa = PBXGroup;
			children = (
				E5BD709C1CF19C27001A312C /* OAuthSwift.framework */,
				E5BD709E1CF19C27001A312C /* OAuthSwiftDemo.app */,
				E5BD70A01CF19C27001A312C /* OAuthSwift.framework */,
				E5BD70A21CF19C27001A312C /* OAuthSwiftOSXDemo.app */,
				E5BD70A41CF19C27001A312C /* OAuthSwift.framework */,
				E5BD70A61CF19C27001A312C /* OAuthSwift.framework */,
				E5BD70A81CF19C27001A312C /* OAuthSwiftTests.xctest */,
			);
			name = Products;
			sourceTree = "<group>";
		};
/* End PBXGroup section */

/* Begin PBXNativeTarget section */
		E529468A1CF12A560084D0CD /* burritoMe */ = {
			isa = PBXNativeTarget;
			buildConfigurationList = E52946A81CF12A560084D0CD /* Build configuration list for PBXNativeTarget "burritoMe" */;
			buildPhases = (
				CF358FFFFB413BE11EF12681 /* 📦 Check Pods Manifest.lock */,
				E52946871CF12A560084D0CD /* Sources */,
				E52946881CF12A560084D0CD /* Frameworks */,
				E52946891CF12A560084D0CD /* Resources */,
				08CBC2438BB681EF3D49FC5D /* 📦 Embed Pods Frameworks */,
				813E7BC39FA1C6D40348A21C /* 📦 Copy Pods Resources */,
			);
			buildRules = (
			);
			dependencies = (
				E5BD70AA1CF19CC1001A312C /* PBXTargetDependency */,
			);
			name = burritoMe;
			productName = burritoMe;
			productReference = E529468B1CF12A560084D0CD /* burritoMe.app */;
			productType = "com.apple.product-type.application";
		};
		E529469E1CF12A560084D0CD /* burritoMeTests */ = {
			isa = PBXNativeTarget;
			buildConfigurationList = E52946AB1CF12A560084D0CD /* Build configuration list for PBXNativeTarget "burritoMeTests" */;
			buildPhases = (
				6FDDB4F8E0B93085CD7DAD80 /* 📦 Check Pods Manifest.lock */,
				E529469B1CF12A560084D0CD /* Sources */,
				E529469C1CF12A560084D0CD /* Frameworks */,
				E529469D1CF12A560084D0CD /* Resources */,
				28A46A179F2B4B04E1D2A404 /* 📦 Embed Pods Frameworks */,
				2EAA42876C5A8BC2AEFDB8F2 /* 📦 Copy Pods Resources */,
			);
			buildRules = (
			);
			dependencies = (
				E52946A11CF12A560084D0CD /* PBXTargetDependency */,
			);
			name = burritoMeTests;
			productName = burritoMeTests;
			productReference = E529469F1CF12A560084D0CD /* burritoMeTests.xctest */;
			productType = "com.apple.product-type.bundle.unit-test";
		};
/* End PBXNativeTarget section */

/* Begin PBXProject section */
		E52946831CF12A560084D0CD /* Project object */ = {
			isa = PBXProject;
			attributes = {
				LastSwiftUpdateCheck = 0730;
				LastUpgradeCheck = 0730;
				ORGANIZATIONNAME = "David Goodman";
				TargetAttributes = {
					E529468A1CF12A560084D0CD = {
						CreatedOnToolsVersion = 7.3;
						DevelopmentTeam = AZ2576693V;
					};
					E529469E1CF12A560084D0CD = {
						CreatedOnToolsVersion = 7.3;
						DevelopmentTeam = AZ2576693V;
						TestTargetID = E529468A1CF12A560084D0CD;
					};
				};
			};
			buildConfigurationList = E52946861CF12A560084D0CD /* Build configuration list for PBXProject "burritoMe" */;
			compatibilityVersion = "Xcode 3.2";
			developmentRegion = English;
			hasScannedForEncodings = 0;
			knownRegions = (
				en,
				Base,
			);
			mainGroup = E52946821CF12A560084D0CD;
			productRefGroup = E529468C1CF12A560084D0CD /* Products */;
			projectDirPath = "";
			projectReferences = (
				{
					ProductGroup = E5BD70921CF19C27001A312C /* Products */;
					ProjectRef = E5BD70761CF19B68001A312C /* OAuthSwift.xcodeproj */;
				},
			);
			projectRoot = "";
			targets = (
				E529468A1CF12A560084D0CD /* burritoMe */,
				E529469E1CF12A560084D0CD /* burritoMeTests */,
			);
		};
/* End PBXProject section */

/* Begin PBXReferenceProxy section */
		E5BD709C1CF19C27001A312C /* OAuthSwift.framework */ = {
			isa = PBXReferenceProxy;
			fileType = wrapper.framework;
			path = OAuthSwift.framework;
			remoteRef = E5BD709B1CF19C27001A312C /* PBXContainerItemProxy */;
			sourceTree = BUILT_PRODUCTS_DIR;
		};
		E5BD709E1CF19C27001A312C /* OAuthSwiftDemo.app */ = {
			isa = PBXReferenceProxy;
			fileType = wrapper.application;
			path = OAuthSwiftDemo.app;
			remoteRef = E5BD709D1CF19C27001A312C /* PBXContainerItemProxy */;
			sourceTree = BUILT_PRODUCTS_DIR;
		};
		E5BD70A01CF19C27001A312C /* OAuthSwift.framework */ = {
			isa = PBXReferenceProxy;
			fileType = wrapper.framework;
			path = OAuthSwift.framework;
			remoteRef = E5BD709F1CF19C27001A312C /* PBXContainerItemProxy */;
			sourceTree = BUILT_PRODUCTS_DIR;
		};
		E5BD70A21CF19C27001A312C /* OAuthSwiftOSXDemo.app */ = {
			isa = PBXReferenceProxy;
			fileType = wrapper.application;
			path = OAuthSwiftOSXDemo.app;
			remoteRef = E5BD70A11CF19C27001A312C /* PBXContainerItemProxy */;
			sourceTree = BUILT_PRODUCTS_DIR;
		};
		E5BD70A41CF19C27001A312C /* OAuthSwift.framework */ = {
			isa = PBXReferenceProxy;
			fileType = wrapper.framework;
			path = OAuthSwift.framework;
			remoteRef = E5BD70A31CF19C27001A312C /* PBXContainerItemProxy */;
			sourceTree = BUILT_PRODUCTS_DIR;
		};
		E5BD70A61CF19C27001A312C /* OAuthSwift.framework */ = {
			isa = PBXReferenceProxy;
			fileType = wrapper.framework;
			path = OAuthSwift.framework;
			remoteRef = E5BD70A51CF19C27001A312C /* PBXContainerItemProxy */;
			sourceTree = BUILT_PRODUCTS_DIR;
		};
		E5BD70A81CF19C27001A312C /* OAuthSwiftTests.xctest */ = {
			isa = PBXReferenceProxy;
			fileType = wrapper.cfbundle;
			path = OAuthSwiftTests.xctest;
			remoteRef = E5BD70A71CF19C27001A312C /* PBXContainerItemProxy */;
			sourceTree = BUILT_PRODUCTS_DIR;
		};
/* End PBXReferenceProxy section */

/* Begin PBXResourcesBuildPhase section */
		E52946891CF12A560084D0CD /* Resources */ = {
			isa = PBXResourcesBuildPhase;
			buildActionMask = 2147483647;
			files = (
				E52946991CF12A560084D0CD /* LaunchScreen.storyboard in Resources */,
				E52946961CF12A560084D0CD /* Assets.xcassets in Resources */,
				E52946941CF12A560084D0CD /* Main.storyboard in Resources */,
			);
			runOnlyForDeploymentPostprocessing = 0;
		};
		E529469D1CF12A560084D0CD /* Resources */ = {
			isa = PBXResourcesBuildPhase;
			buildActionMask = 2147483647;
			files = (
			);
			runOnlyForDeploymentPostprocessing = 0;
		};
/* End PBXResourcesBuildPhase section */

/* Begin PBXShellScriptBuildPhase section */
		08CBC2438BB681EF3D49FC5D /* 📦 Embed Pods Frameworks */ = {
			isa = PBXShellScriptBuildPhase;
			buildActionMask = 2147483647;
			files = (
			);
			inputPaths = (
			);
			name = "📦 Embed Pods Frameworks";
			outputPaths = (
			);
			runOnlyForDeploymentPostprocessing = 0;
			shellPath = /bin/sh;
			shellScript = "\"${SRCROOT}/Pods/Target Support Files/Pods-burritoMe/Pods-burritoMe-frameworks.sh\"\n";
			showEnvVarsInLog = 0;
		};
		28A46A179F2B4B04E1D2A404 /* 📦 Embed Pods Frameworks */ = {
			isa = PBXShellScriptBuildPhase;
			buildActionMask = 2147483647;
			files = (
			);
			inputPaths = (
			);
			name = "📦 Embed Pods Frameworks";
			outputPaths = (
			);
			runOnlyForDeploymentPostprocessing = 0;
			shellPath = /bin/sh;
			shellScript = "\"${SRCROOT}/Pods/Target Support Files/Pods-burritoMeTests/Pods-burritoMeTests-frameworks.sh\"\n";
			showEnvVarsInLog = 0;
		};
		2EAA42876C5A8BC2AEFDB8F2 /* 📦 Copy Pods Resources */ = {
			isa = PBXShellScriptBuildPhase;
			buildActionMask = 2147483647;
			files = (
			);
			inputPaths = (
			);
			name = "📦 Copy Pods Resources";
			outputPaths = (
			);
			runOnlyForDeploymentPostprocessing = 0;
			shellPath = /bin/sh;
			shellScript = "\"${SRCROOT}/Pods/Target Support Files/Pods-burritoMeTests/Pods-burritoMeTests-resources.sh\"\n";
			showEnvVarsInLog = 0;
		};
		6FDDB4F8E0B93085CD7DAD80 /* 📦 Check Pods Manifest.lock */ = {
			isa = PBXShellScriptBuildPhase;
			buildActionMask = 2147483647;
			files = (
			);
			inputPaths = (
			);
			name = "📦 Check Pods Manifest.lock";
			outputPaths = (
			);
			runOnlyForDeploymentPostprocessing = 0;
			shellPath = /bin/sh;
			shellScript = "diff \"${PODS_ROOT}/../Podfile.lock\" \"${PODS_ROOT}/Manifest.lock\" > /dev/null\nif [[ $? != 0 ]] ; then\n    cat << EOM\nerror: The sandbox is not in sync with the Podfile.lock. Run 'pod install' or update your CocoaPods installation.\nEOM\n    exit 1\nfi\n";
			showEnvVarsInLog = 0;
		};
		813E7BC39FA1C6D40348A21C /* 📦 Copy Pods Resources */ = {
			isa = PBXShellScriptBuildPhase;
			buildActionMask = 2147483647;
			files = (
			);
			inputPaths = (
			);
			name = "📦 Copy Pods Resources";
			outputPaths = (
			);
			runOnlyForDeploymentPostprocessing = 0;
			shellPath = /bin/sh;
			shellScript = "\"${SRCROOT}/Pods/Target Support Files/Pods-burritoMe/Pods-burritoMe-resources.sh\"\n";
			showEnvVarsInLog = 0;
		};
		CF358FFFFB413BE11EF12681 /* 📦 Check Pods Manifest.lock */ = {
			isa = PBXShellScriptBuildPhase;
			buildActionMask = 2147483647;
			files = (
			);
			inputPaths = (
			);
			name = "📦 Check Pods Manifest.lock";
			outputPaths = (
			);
			runOnlyForDeploymentPostprocessing = 0;
			shellPath = /bin/sh;
			shellScript = "diff \"${PODS_ROOT}/../Podfile.lock\" \"${PODS_ROOT}/Manifest.lock\" > /dev/null\nif [[ $? != 0 ]] ; then\n    cat << EOM\nerror: The sandbox is not in sync with the Podfile.lock. Run 'pod install' or update your CocoaPods installation.\nEOM\n    exit 1\nfi\n";
			showEnvVarsInLog = 0;
		};
/* End PBXShellScriptBuildPhase section */

/* Begin PBXSourcesBuildPhase section */
		E52946871CF12A560084D0CD /* Sources */ = {
			isa = PBXSourcesBuildPhase;
			buildActionMask = 2147483647;
			files = (
				E52946B11CF141140084D0CD /* BurritoTableViewCell.swift in Sources */,
				E5AE4E651CF15A7E007AF7F0 /* BurritoTableViewController.swift in Sources */,
				E52946911CF12A560084D0CD /* LaunchViewController.swift in Sources */,
				E529468F1CF12A560084D0CD /* AppDelegate.swift in Sources */,
				E52946B31CF143320084D0CD /* Burrito.swift in Sources */,
				E5BD70911CF19BC4001A312C /* YelpAPIClient.swift in Sources */,
			);
			runOnlyForDeploymentPostprocessing = 0;
		};
		E529469B1CF12A560084D0CD /* Sources */ = {
			isa = PBXSourcesBuildPhase;
			buildActionMask = 2147483647;
			files = (
				E52946A41CF12A560084D0CD /* burritoMeTests.swift in Sources */,
			);
			runOnlyForDeploymentPostprocessing = 0;
		};
/* End PBXSourcesBuildPhase section */

/* Begin PBXTargetDependency section */
		E52946A11CF12A560084D0CD /* PBXTargetDependency */ = {
			isa = PBXTargetDependency;
			target = E529468A1CF12A560084D0CD /* burritoMe */;
			targetProxy = E52946A01CF12A560084D0CD /* PBXContainerItemProxy */;
		};
		E5BD70AA1CF19CC1001A312C /* PBXTargetDependency */ = {
			isa = PBXTargetDependency;
			name = OAuthSwift;
			targetProxy = E5BD70A91CF19CC1001A312C /* PBXContainerItemProxy */;
		};
/* End PBXTargetDependency section */

/* Begin PBXVariantGroup section */
		E52946921CF12A560084D0CD /* Main.storyboard */ = {
			isa = PBXVariantGroup;
			children = (
				E52946931CF12A560084D0CD /* Base */,
			);
			name = Main.storyboard;
			sourceTree = "<group>";
		};
		E52946971CF12A560084D0CD /* LaunchScreen.storyboard */ = {
			isa = PBXVariantGroup;
			children = (
				E52946981CF12A560084D0CD /* Base */,
			);
			name = LaunchScreen.storyboard;
			sourceTree = "<group>";
		};
/* End PBXVariantGroup section */

/* Begin XCBuildConfiguration section */
		E52946A61CF12A560084D0CD /* Debug */ = {
			isa = XCBuildConfiguration;
			buildSettings = {
				ALWAYS_SEARCH_USER_PATHS = NO;
				CLANG_ANALYZER_NONNULL = YES;
				CLANG_CXX_LANGUAGE_STANDARD = "gnu++0x";
				CLANG_CXX_LIBRARY = "libc++";
				CLANG_ENABLE_MODULES = YES;
				CLANG_ENABLE_OBJC_ARC = YES;
				CLANG_WARN_BOOL_CONVERSION = YES;
				CLANG_WARN_CONSTANT_CONVERSION = YES;
				CLANG_WARN_DIRECT_OBJC_ISA_USAGE = YES_ERROR;
				CLANG_WARN_EMPTY_BODY = YES;
				CLANG_WARN_ENUM_CONVERSION = YES;
				CLANG_WARN_INT_CONVERSION = YES;
				CLANG_WARN_OBJC_ROOT_CLASS = YES_ERROR;
				CLANG_WARN_UNREACHABLE_CODE = YES;
				CLANG_WARN__DUPLICATE_METHOD_MATCH = YES;
				"CODE_SIGN_IDENTITY[sdk=iphoneos*]" = "iPhone Developer";
				COPY_PHASE_STRIP = NO;
				DEBUG_INFORMATION_FORMAT = dwarf;
				ENABLE_STRICT_OBJC_MSGSEND = YES;
				ENABLE_TESTABILITY = YES;
				GCC_C_LANGUAGE_STANDARD = gnu99;
				GCC_DYNAMIC_NO_PIC = NO;
				GCC_NO_COMMON_BLOCKS = YES;
				GCC_OPTIMIZATION_LEVEL = 0;
				GCC_PREPROCESSOR_DEFINITIONS = (
					"DEBUG=1",
					"$(inherited)",
				);
				GCC_WARN_64_TO_32_BIT_CONVERSION = YES;
				GCC_WARN_ABOUT_RETURN_TYPE = YES_ERROR;
				GCC_WARN_UNDECLARED_SELECTOR = YES;
				GCC_WARN_UNINITIALIZED_AUTOS = YES_AGGRESSIVE;
				GCC_WARN_UNUSED_FUNCTION = YES;
				GCC_WARN_UNUSED_VARIABLE = YES;
				IPHONEOS_DEPLOYMENT_TARGET = 9.3;
				MTL_ENABLE_DEBUG_INFO = YES;
				ONLY_ACTIVE_ARCH = YES;
				SDKROOT = iphoneos;
				SWIFT_OPTIMIZATION_LEVEL = "-Onone";
			};
			name = Debug;
		};
		E52946A71CF12A560084D0CD /* Release */ = {
			isa = XCBuildConfiguration;
			buildSettings = {
				ALWAYS_SEARCH_USER_PATHS = NO;
				CLANG_ANALYZER_NONNULL = YES;
				CLANG_CXX_LANGUAGE_STANDARD = "gnu++0x";
				CLANG_CXX_LIBRARY = "libc++";
				CLANG_ENABLE_MODULES = YES;
				CLANG_ENABLE_OBJC_ARC = YES;
				CLANG_WARN_BOOL_CONVERSION = YES;
				CLANG_WARN_CONSTANT_CONVERSION = YES;
				CLANG_WARN_DIRECT_OBJC_ISA_USAGE = YES_ERROR;
				CLANG_WARN_EMPTY_BODY = YES;
				CLANG_WARN_ENUM_CONVERSION = YES;
				CLANG_WARN_INT_CONVERSION = YES;
				CLANG_WARN_OBJC_ROOT_CLASS = YES_ERROR;
				CLANG_WARN_UNREACHABLE_CODE = YES;
				CLANG_WARN__DUPLICATE_METHOD_MATCH = YES;
				"CODE_SIGN_IDENTITY[sdk=iphoneos*]" = "iPhone Developer";
				COPY_PHASE_STRIP = NO;
				DEBUG_INFORMATION_FORMAT = "dwarf-with-dsym";
				ENABLE_NS_ASSERTIONS = NO;
				ENABLE_STRICT_OBJC_MSGSEND = YES;
				GCC_C_LANGUAGE_STANDARD = gnu99;
				GCC_NO_COMMON_BLOCKS = YES;
				GCC_WARN_64_TO_32_BIT_CONVERSION = YES;
				GCC_WARN_ABOUT_RETURN_TYPE = YES_ERROR;
				GCC_WARN_UNDECLARED_SELECTOR = YES;
				GCC_WARN_UNINITIALIZED_AUTOS = YES_AGGRESSIVE;
				GCC_WARN_UNUSED_FUNCTION = YES;
				GCC_WARN_UNUSED_VARIABLE = YES;
				IPHONEOS_DEPLOYMENT_TARGET = 9.3;
				MTL_ENABLE_DEBUG_INFO = NO;
				SDKROOT = iphoneos;
				VALIDATE_PRODUCT = YES;
			};
			name = Release;
		};
		E52946A91CF12A560084D0CD /* Debug */ = {
			isa = XCBuildConfiguration;
			baseConfigurationReference = 059600A6DCF07D5DD6A894DC /* Pods-burritoMe.debug.xcconfig */;
			buildSettings = {
				ASSETCATALOG_COMPILER_APPICON_NAME = AppIcon;
				INFOPLIST_FILE = burritoMe/Info.plist;
				LD_RUNPATH_SEARCH_PATHS = "$(inherited) @executable_path/Frameworks";
				PRODUCT_BUNDLE_IDENTIFIER = code.egg.burritoMe;
				PRODUCT_NAME = "$(TARGET_NAME)";
			};
			name = Debug;
		};
		E52946AA1CF12A560084D0CD /* Release */ = {
			isa = XCBuildConfiguration;
			baseConfigurationReference = 338C92FCD91485E07F88D4EE /* Pods-burritoMe.release.xcconfig */;
			buildSettings = {
				ASSETCATALOG_COMPILER_APPICON_NAME = AppIcon;
				INFOPLIST_FILE = burritoMe/Info.plist;
				LD_RUNPATH_SEARCH_PATHS = "$(inherited) @executable_path/Frameworks";
				PRODUCT_BUNDLE_IDENTIFIER = code.egg.burritoMe;
				PRODUCT_NAME = "$(TARGET_NAME)";
			};
			name = Release;
		};
		E52946AC1CF12A560084D0CD /* Debug */ = {
			isa = XCBuildConfiguration;
			baseConfigurationReference = ABC9F33C36701189E43F8E3E /* Pods-burritoMeTests.debug.xcconfig */;
			buildSettings = {
				BUNDLE_LOADER = "$(TEST_HOST)";
				INFOPLIST_FILE = burritoMeTests/Info.plist;
				LD_RUNPATH_SEARCH_PATHS = "$(inherited) @executable_path/Frameworks @loader_path/Frameworks";
				PRODUCT_BUNDLE_IDENTIFIER = code.egg.burritoMeTests;
				PRODUCT_NAME = "$(TARGET_NAME)";
				TEST_HOST = "$(BUILT_PRODUCTS_DIR)/burritoMe.app/burritoMe";
			};
			name = Debug;
		};
		E52946AD1CF12A560084D0CD /* Release */ = {
			isa = XCBuildConfiguration;
			baseConfigurationReference = 559083FD3A30B25EAFBEF553 /* Pods-burritoMeTests.release.xcconfig */;
			buildSettings = {
				BUNDLE_LOADER = "$(TEST_HOST)";
				INFOPLIST_FILE = burritoMeTests/Info.plist;
				LD_RUNPATH_SEARCH_PATHS = "$(inherited) @executable_path/Frameworks @loader_path/Frameworks";
				PRODUCT_BUNDLE_IDENTIFIER = code.egg.burritoMeTests;
				PRODUCT_NAME = "$(TARGET_NAME)";
				TEST_HOST = "$(BUILT_PRODUCTS_DIR)/burritoMe.app/burritoMe";
			};
			name = Release;
		};
/* End XCBuildConfiguration section */

/* Begin XCConfigurationList section */
		E52946861CF12A560084D0CD /* Build configuration list for PBXProject "burritoMe" */ = {
			isa = XCConfigurationList;
			buildConfigurations = (
				E52946A61CF12A560084D0CD /* Debug */,
				E52946A71CF12A560084D0CD /* Release */,
			);
			defaultConfigurationIsVisible = 0;
			defaultConfigurationName = Release;
		};
		E52946A81CF12A560084D0CD /* Build configuration list for PBXNativeTarget "burritoMe" */ = {
			isa = XCConfigurationList;
			buildConfigurations = (
				E52946A91CF12A560084D0CD /* Debug */,
				E52946AA1CF12A560084D0CD /* Release */,
			);
			defaultConfigurationIsVisible = 0;
			defaultConfigurationName = Release;
		};
		E52946AB1CF12A560084D0CD /* Build configuration list for PBXNativeTarget "burritoMeTests" */ = {
			isa = XCConfigurationList;
			buildConfigurations = (
				E52946AC1CF12A560084D0CD /* Debug */,
				E52946AD1CF12A560084D0CD /* Release */,
			);
			defaultConfigurationIsVisible = 0;
			defaultConfigurationName = Release;
		};
/* End XCConfigurationList section */
	};
	rootObject = E52946831CF12A560084D0CD /* Project object */;
}
